
Microsoft Visual Studio Solution File, Format Version 12.00
# Visual Studio Version 17
VisualStudioVersion = 17.5.33627.172
MinimumVisualStudioVersion = 10.0.40219.1
Project("{FAE04EC0-301F-11D3-BF4B-00C04F79EFBC}") = "ACM.BL", "ACM.BL\ACM.BL.csproj", "{B9A0EF67-2DE8-4725-8FAE-E3704D8176A6}"
EndProject
Project("{2150E333-8FDC-42A3-9474-1A3956D46DE8}") = "Tests", "Tests", "{0E0F5CAC-4D6F-49CF-B998-D11A1CB0C215}"
EndProject
Project("{FAE04EC0-301F-11D3-BF4B-00C04F79EFBC}") = "ACM.BLTest", "Tests\ACM.BLTest\ACM.BLTest.csproj", "{06DF9F06-AB6B-4CD6-8D67-3F529C3D8B68}"
EndProject
Global
	GlobalSection(SolutionConfigurationPlatforms) = preSolution
		Debug|Any CPU = Debug|Any CPU
		Release|Any CPU = Release|Any CPU
	EndGlobalSection
	GlobalSection(ProjectConfigurationPlatforms) = postSolution
		{B9A0EF67-2DE8-4725-8FAE-E3704D8176A6}.Debug|Any CPU.ActiveCfg = Debug|Any CPU
		{B9A0EF67-2DE8-4725-8FAE-E3704D8176A6}.Debug|Any CPU.Build.0 = Debug|Any CPU
		{B9A0EF67-2DE8-4725-8FAE-E3704D8176A6}.Release|Any CPU.ActiveCfg = Release|Any CPU
		{B9A0EF67-2DE8-4725-8FAE-E3704D8176A6}.Release|Any CPU.Build.0 = Release|Any CPU
		{06DF9F06-AB6B-4CD6-8D67-3F529C3D8B68}.Debug|Any CPU.ActiveCfg = Debug|Any CPU
		{06DF9F06-AB6B-4CD6-8D67-3F529C3D8B68}.Debug|Any CPU.Build.0 = Debug|Any CPU
		{06DF9F06-AB6B-4CD6-8D67-3F529C3D8B68}.Release|Any CPU.ActiveCfg = Release|Any CPU
		{06DF9F06-AB6B-4CD6-8D67-3F529C3D8B68}.Release|Any CPU.Build.0 = Release|Any CPU
	EndGlobalSection
	GlobalSection(SolutionProperties) = preSolution
		HideSolutionNode = FALSE
	EndGlobalSection
	GlobalSection(NestedProjects) = preSolution
		{06DF9F06-AB6B-4CD6-8D67-3F529C3D8B68} = {0E0F5CAC-4D6F-49CF-B998-D11A1CB0C215}
	EndGlobalSection
	GlobalSection(ExtensibilityGlobals) = postSolution
		SolutionGuid = {38E2C470-810D-489F-825E-49A798F798AA}
	EndGlobalSection
EndGlobal
